// !$*UTF8*$!
{
	archiveVersion = 1;
	classes = {
	};
	objectVersion = 55;
	objects = {

/* Begin PBXBuildFile section */
		CE2F63212832DC880092F9CD /* AnimalTypeButton.swift in Sources */ = {isa = PBXBuildFile; fileRef = CE2F63202832DC880092F9CD /* AnimalTypeButton.swift */; };
		CE2F63272833043D0092F9CD /* AnimalsViewController.swift in Sources */ = {isa = PBXBuildFile; fileRef = CE2F63262833043D0092F9CD /* AnimalsViewController.swift */; };
		CE9BF01F282C3F4E00AD5ADC /* AppDelegate.swift in Sources */ = {isa = PBXBuildFile; fileRef = CE9BF01E282C3F4E00AD5ADC /* AppDelegate.swift */; };
		CE9BF021282C3F4E00AD5ADC /* SceneDelegate.swift in Sources */ = {isa = PBXBuildFile; fileRef = CE9BF020282C3F4E00AD5ADC /* SceneDelegate.swift */; };
		CE9BF028282C3F4F00AD5ADC /* Assets.xcassets in Resources */ = {isa = PBXBuildFile; fileRef = CE9BF027282C3F4F00AD5ADC /* Assets.xcassets */; };
		CE9BF02B282C3F4F00AD5ADC /* LaunchScreen.storyboard in Resources */ = {isa = PBXBuildFile; fileRef = CE9BF029282C3F4F00AD5ADC /* LaunchScreen.storyboard */; };
		CE9BF033282C412D00AD5ADC /* OnboardingViewController.swift in Sources */ = {isa = PBXBuildFile; fileRef = CE9BF032282C412D00AD5ADC /* OnboardingViewController.swift */; };
		CE9BF035282C44F600AD5ADC /* AnimalTypeViewController.swift in Sources */ = {isa = PBXBuildFile; fileRef = CE9BF034282C44F600AD5ADC /* AnimalTypeViewController.swift */; };
		CEDC65FD2835AA30001D4E71 /* Localizable.strings in Resources */ = {isa = PBXBuildFile; fileRef = CEDC65FF2835AA30001D4E71 /* Localizable.strings */; };
		CEDC660B2838D70C001D4E71 /* AnimalCell.swift in Sources */ = {isa = PBXBuildFile; fileRef = CEDC660A2838D70C001D4E71 /* AnimalCell.swift */; };
/* End PBXBuildFile section */

/* Begin PBXFileReference section */
		CE2F63202832DC880092F9CD /* AnimalTypeButton.swift */ = {isa = PBXFileReference; lastKnownFileType = sourcecode.swift; path = AnimalTypeButton.swift; sourceTree = "<group>"; };
		CE2F63262833043D0092F9CD /* AnimalsViewController.swift */ = {isa = PBXFileReference; lastKnownFileType = sourcecode.swift; path = AnimalsViewController.swift; sourceTree = "<group>"; };
		CE9BF01B282C3F4E00AD5ADC /* Zoo.app */ = {isa = PBXFileReference; explicitFileType = wrapper.application; includeInIndex = 0; path = Zoo.app; sourceTree = BUILT_PRODUCTS_DIR; };
		CE9BF01E282C3F4E00AD5ADC /* AppDelegate.swift */ = {isa = PBXFileReference; lastKnownFileType = sourcecode.swift; path = AppDelegate.swift; sourceTree = "<group>"; };
		CE9BF020282C3F4E00AD5ADC /* SceneDelegate.swift */ = {isa = PBXFileReference; lastKnownFileType = sourcecode.swift; path = SceneDelegate.swift; sourceTree = "<group>"; };
		CE9BF027282C3F4F00AD5ADC /* Assets.xcassets */ = {isa = PBXFileReference; lastKnownFileType = folder.assetcatalog; path = Assets.xcassets; sourceTree = "<group>"; };
		CE9BF02A282C3F4F00AD5ADC /* Base */ = {isa = PBXFileReference; lastKnownFileType = file.storyboard; name = Base; path = Base.lproj/LaunchScreen.storyboard; sourceTree = "<group>"; };
		CE9BF02C282C3F4F00AD5ADC /* Info.plist */ = {isa = PBXFileReference; lastKnownFileType = text.plist.xml; path = Info.plist; sourceTree = "<group>"; };
		CE9BF032282C412D00AD5ADC /* OnboardingViewController.swift */ = {isa = PBXFileReference; lastKnownFileType = sourcecode.swift; path = OnboardingViewController.swift; sourceTree = "<group>"; };
		CE9BF034282C44F600AD5ADC /* AnimalTypeViewController.swift */ = {isa = PBXFileReference; lastKnownFileType = sourcecode.swift; path = AnimalTypeViewController.swift; sourceTree = "<group>"; };
		CEDC65FE2835AA30001D4E71 /* en */ = {isa = PBXFileReference; lastKnownFileType = text.plist.strings; name = en; path = en.lproj/Localizable.strings; sourceTree = "<group>"; };
		CEDC66002835AA65001D4E71 /* ru */ = {isa = PBXFileReference; lastKnownFileType = text.plist.strings; name = ru; path = ru.lproj/Localizable.strings; sourceTree = "<group>"; };
		CEDC66032836B412001D4E71 /* ar */ = {isa = PBXFileReference; lastKnownFileType = text.plist.strings; name = ar; path = ar.lproj/Localizable.strings; sourceTree = "<group>"; };
		CEDC660A2838D70C001D4E71 /* AnimalCell.swift */ = {isa = PBXFileReference; lastKnownFileType = sourcecode.swift; path = AnimalCell.swift; sourceTree = "<group>"; };
/* End PBXFileReference section */

/* Begin PBXFrameworksBuildPhase section */
		CE9BF018282C3F4E00AD5ADC /* Frameworks */ = {
			isa = PBXFrameworksBuildPhase;
			buildActionMask = 2147483647;
			files = (
			);
			runOnlyForDeploymentPostprocessing = 0;
		};
/* End PBXFrameworksBuildPhase section */

/* Begin PBXGroup section */
		CE2F631F2832DC6F0092F9CD /* Views */ = {
			isa = PBXGroup;
			children = (
				CE2F63202832DC880092F9CD /* AnimalTypeButton.swift */,
			);
			path = Views;
			sourceTree = "<group>";
		};
		CE2F63222832E71C0092F9CD /* Scenes */ = {
			isa = PBXGroup;
			children = (
				CE2F63232832E7240092F9CD /* Onboarding */,
				CE2F63242832E72F0092F9CD /* Animal Types */,
				CE2F63252833042B0092F9CD /* Animals */,
			);
			path = Scenes;
			sourceTree = "<group>";
		};
		CE2F63232832E7240092F9CD /* Onboarding */ = {
			isa = PBXGroup;
			children = (
				CE9BF032282C412D00AD5ADC /* OnboardingViewController.swift */,
			);
			path = Onboarding;
			sourceTree = "<group>";
		};
		CE2F63242832E72F0092F9CD /* Animal Types */ = {
			isa = PBXGroup;
			children = (
				CE9BF034282C44F600AD5ADC /* AnimalTypeViewController.swift */,
				CE2F631F2832DC6F0092F9CD /* Views */,
			);
			path = "Animal Types";
			sourceTree = "<group>";
		};
		CE2F63252833042B0092F9CD /* Animals */ = {
			isa = PBXGroup;
			children = (
				CE2F63262833043D0092F9CD /* AnimalsViewController.swift */,
				CEDC660A2838D70C001D4E71 /* AnimalCell.swift */,
			);
			path = Animals;
			sourceTree = "<group>";
		};
		CE9BF012282C3F4E00AD5ADC = {
			isa = PBXGroup;
			children = (
				CEDC65FF2835AA30001D4E71 /* Localizable.strings */,
				CE9BF01D282C3F4E00AD5ADC /* Zoo */,
				CE9BF01C282C3F4E00AD5ADC /* Products */,
			);
			sourceTree = "<group>";
		};
		CE9BF01C282C3F4E00AD5ADC /* Products */ = {
			isa = PBXGroup;
			children = (
				CE9BF01B282C3F4E00AD5ADC /* Zoo.app */,
			);
			name = Products;
			sourceTree = "<group>";
		};
		CE9BF01D282C3F4E00AD5ADC /* Zoo */ = {
			isa = PBXGroup;
			children = (
				CE9BF01E282C3F4E00AD5ADC /* AppDelegate.swift */,
				CE9BF020282C3F4E00AD5ADC /* SceneDelegate.swift */,
				CE2F63222832E71C0092F9CD /* Scenes */,
				CE9BF027282C3F4F00AD5ADC /* Assets.xcassets */,
				CE9BF029282C3F4F00AD5ADC /* LaunchScreen.storyboard */,
				CE9BF02C282C3F4F00AD5ADC /* Info.plist */,
			);
			path = Zoo;
			sourceTree = "<group>";
		};
/* End PBXGroup section */

/* Begin PBXNativeTarget section */
		CE9BF01A282C3F4E00AD5ADC /* Zoo */ = {
			isa = PBXNativeTarget;
			buildConfigurationList = CE9BF02F282C3F4F00AD5ADC /* Build configuration list for PBXNativeTarget "Zoo" */;
			buildPhases = (
				CE9BF017282C3F4E00AD5ADC /* Sources */,
				CE9BF018282C3F4E00AD5ADC /* Frameworks */,
				CE9BF019282C3F4E00AD5ADC /* Resources */,
			);
			buildRules = (
			);
			dependencies = (
			);
			name = Zoo;
			productName = Zoo;
			productReference = CE9BF01B282C3F4E00AD5ADC /* Zoo.app */;
			productType = "com.apple.product-type.application";
		};
/* End PBXNativeTarget section */

/* Begin PBXProject section */
		CE9BF013282C3F4E00AD5ADC /* Project object */ = {
			isa = PBXProject;
			attributes = {
				BuildIndependentTargetsInParallel = 1;
				LastSwiftUpdateCheck = 1320;
				LastUpgradeCheck = 1320;
				TargetAttributes = {
					CE9BF01A282C3F4E00AD5ADC = {
						CreatedOnToolsVersion = 13.2.1;
					};
				};
			};
			buildConfigurationList = CE9BF016282C3F4E00AD5ADC /* Build configuration list for PBXProject "Zoo" */;
			compatibilityVersion = "Xcode 13.0";
			developmentRegion = en;
			hasScannedForEncodings = 0;
			knownRegions = (
				en,
				Base,
				ru,
				ar,
			);
			mainGroup = CE9BF012282C3F4E00AD5ADC;
			productRefGroup = CE9BF01C282C3F4E00AD5ADC /* Products */;
			projectDirPath = "";
			projectRoot = "";
			targets = (
				CE9BF01A282C3F4E00AD5ADC /* Zoo */,
			);
		};
/* End PBXProject section */

/* Begin PBXResourcesBuildPhase section */
		CE9BF019282C3F4E00AD5ADC /* Resources */ = {
			isa = PBXResourcesBuildPhase;
			buildActionMask = 2147483647;
			files = (
				CE9BF02B282C3F4F00AD5ADC /* LaunchScreen.storyboard in Resources */,
				CEDC65FD2835AA30001D4E71 /* Localizable.strings in Resources */,
				CE9BF028282C3F4F00AD5ADC /* Assets.xcassets in Resources */,
			);
			runOnlyForDeploymentPostprocessing = 0;
		};
/* End PBXResourcesBuildPhase section */

/* Begin PBXSourcesBuildPhase section */
		CE9BF017282C3F4E00AD5ADC /* Sources */ = {
			isa = PBXSourcesBuildPhase;
			buildActionMask = 2147483647;
			files = (
				CEDC660B2838D70C001D4E71 /* AnimalCell.swift in Sources */,
				CE9BF035282C44F600AD5ADC /* AnimalTypeViewController.swift in Sources */,
				CE9BF01F282C3F4E00AD5ADC /* AppDelegate.swift in Sources */,
				CE2F63272833043D0092F9CD /* AnimalsViewController.swift in Sources */,
				CE9BF021282C3F4E00AD5ADC /* SceneDelegate.swift in Sources */,
				CE2F63212832DC880092F9CD /* AnimalTypeButton.swift in Sources */,
				CE9BF033282C412D00AD5ADC /* OnboardingViewController.swift in Sources */,
			);
			runOnlyForDeploymentPostprocessing = 0;
		};
/* End PBXSourcesBuildPhase section */

/* Begin PBXVariantGroup section */
		CE9BF029282C3F4F00AD5ADC /* LaunchScreen.storyboard */ = {
			isa = PBXVariantGroup;
			children = (
				CE9BF02A282C3F4F00AD5ADC /* Base */,
			);
			name = LaunchScreen.storyboard;
			sourceTree = "<group>";
		};
		CEDC65FF2835AA30001D4E71 /* Localizable.strings */ = {
			isa = PBXVariantGroup;
			children = (
				CEDC65FE2835AA30001D4E71 /* en */,
				CEDC66002835AA65001D4E71 /* ru */,
				CEDC66032836B412001D4E71 /* ar */,
			);
			name = Localizable.strings;
			sourceTree = "<group>";
		};
/* End PBXVariantGroup section */

/* Begin XCBuildConfiguration section */
		CE9BF02D282C3F4F00AD5ADC /* Debug */ = {
			isa = XCBuildConfiguration;
			buildSettings = {
				ALWAYS_SEARCH_USER_PATHS = NO;
				CLANG_ANALYZER_LOCALIZABILITY_NONLOCALIZED = YES;
				CLANG_ANALYZER_NONNULL = YES;
				CLANG_ANALYZER_NUMBER_OBJECT_CONVERSION = YES_AGGRESSIVE;
				CLANG_CXX_LANGUAGE_STANDARD = "gnu++17";
				CLANG_CXX_LIBRARY = "libc++";
				CLANG_ENABLE_MODULES = YES;
				CLANG_ENABLE_OBJC_ARC = YES;
				CLANG_ENABLE_OBJC_WEAK = YES;
				CLANG_WARN_BLOCK_CAPTURE_AUTORELEASING = YES;
				CLANG_WARN_BOOL_CONVERSION = YES;
				CLANG_WARN_COMMA = YES;
				CLANG_WARN_CONSTANT_CONVERSION = YES;
				CLANG_WARN_DEPRECATED_OBJC_IMPLEMENTATIONS = YES;
				CLANG_WARN_DIRECT_OBJC_ISA_USAGE = YES_ERROR;
				CLANG_WARN_DOCUMENTATION_COMMENTS = YES;
				CLANG_WARN_EMPTY_BODY = YES;
				CLANG_WARN_ENUM_CONVERSION = YES;
				CLANG_WARN_INFINITE_RECURSION = YES;
				CLANG_WARN_INT_CONVERSION = YES;
				CLANG_WARN_NON_LITERAL_NULL_CONVERSION = YES;
				CLANG_WARN_OBJC_IMPLICIT_RETAIN_SELF = YES;
				CLANG_WARN_OBJC_LITERAL_CONVERSION = YES;
				CLANG_WARN_OBJC_ROOT_CLASS = YES_ERROR;
				CLANG_WARN_QUOTED_INCLUDE_IN_FRAMEWORK_HEADER = YES;
				CLANG_WARN_RANGE_LOOP_ANALYSIS = YES;
				CLANG_WARN_STRICT_PROTOTYPES = YES;
				CLANG_WARN_SUSPICIOUS_MOVE = YES;
				CLANG_WARN_UNGUARDED_AVAILABILITY = YES_AGGRESSIVE;
				CLANG_WARN_UNREACHABLE_CODE = YES;
				CLANG_WARN__DUPLICATE_METHOD_MATCH = YES;
				COPY_PHASE_STRIP = NO;
				DEBUG_INFORMATION_FORMAT = dwarf;
				ENABLE_STRICT_OBJC_MSGSEND = YES;
				ENABLE_TESTABILITY = YES;
				GCC_C_LANGUAGE_STANDARD = gnu11;
				GCC_DYNAMIC_NO_PIC = NO;
				GCC_NO_COMMON_BLOCKS = YES;
				GCC_OPTIMIZATION_LEVEL = 0;
				GCC_PREPROCESSOR_DEFINITIONS = (
					"DEBUG=1",
					"$(inherited)",
				);
				GCC_WARN_64_TO_32_BIT_CONVERSION = YES;
				GCC_WARN_ABOUT_RETURN_TYPE = YES_ERROR;
				GCC_WARN_UNDECLARED_SELECTOR = YES;
				GCC_WARN_UNINITIALIZED_AUTOS = YES_AGGRESSIVE;
				GCC_WARN_UNUSED_FUNCTION = YES;
				GCC_WARN_UNUSED_VARIABLE = YES;
				IPHONEOS_DEPLOYMENT_TARGET = 15.2;
				MTL_ENABLE_DEBUG_INFO = INCLUDE_SOURCE;
				MTL_FAST_MATH = YES;
				ONLY_ACTIVE_ARCH = YES;
				SDKROOT = iphoneos;
				SWIFT_ACTIVE_COMPILATION_CONDITIONS = DEBUG;
				SWIFT_OPTIMIZATION_LEVEL = "-Onone";
			};
			name = Debug;
		};
		CE9BF02E282C3F4F00AD5ADC /* Release */ = {
			isa = XCBuildConfiguration;
			buildSettings = {
				ALWAYS_SEARCH_USER_PATHS = NO;
				CLANG_ANALYZER_LOCALIZABILITY_NONLOCALIZED = YES;
				CLANG_ANALYZER_NONNULL = YES;
				CLANG_ANALYZER_NUMBER_OBJECT_CONVERSION = YES_AGGRESSIVE;
				CLANG_CXX_LANGUAGE_STANDARD = "gnu++17";
				CLANG_CXX_LIBRARY = "libc++";
				CLANG_ENABLE_MODULES = YES;
				CLANG_ENABLE_OBJC_ARC = YES;
				CLANG_ENABLE_OBJC_WEAK = YES;
				CLANG_WARN_BLOCK_CAPTURE_AUTORELEASING = YES;
				CLANG_WARN_BOOL_CONVERSION = YES;
				CLANG_WARN_COMMA = YES;
				CLANG_WARN_CONSTANT_CONVERSION = YES;
				CLANG_WARN_DEPRECATED_OBJC_IMPLEMENTATIONS = YES;
				CLANG_WARN_DIRECT_OBJC_ISA_USAGE = YES_ERROR;
				CLANG_WARN_DOCUMENTATION_COMMENTS = YES;
				CLANG_WARN_EMPTY_BODY = YES;
				CLANG_WARN_ENUM_CONVERSION = YES;
				CLANG_WARN_INFINITE_RECURSION = YES;
				CLANG_WARN_INT_CONVERSION = YES;
				CLANG_WARN_NON_LITERAL_NULL_CONVERSION = YES;
				CLANG_WARN_OBJC_IMPLICIT_RETAIN_SELF = YES;
				CLANG_WARN_OBJC_LITERAL_CONVERSION = YES;
				CLANG_WARN_OBJC_ROOT_CLASS = YES_ERROR;
				CLANG_WARN_QUOTED_INCLUDE_IN_FRAMEWORK_HEADER = YES;
				CLANG_WARN_RANGE_LOOP_ANALYSIS = YES;
				CLANG_WARN_STRICT_PROTOTYPES = YES;
				CLANG_WARN_SUSPICIOUS_MOVE = YES;
				CLANG_WARN_UNGUARDED_AVAILABILITY = YES_AGGRESSIVE;
				CLANG_WARN_UNREACHABLE_CODE = YES;
				CLANG_WARN__DUPLICATE_METHOD_MATCH = YES;
				COPY_PHASE_STRIP = NO;
				DEBUG_INFORMATION_FORMAT = "dwarf-with-dsym";
				ENABLE_NS_ASSERTIONS = NO;
				ENABLE_STRICT_OBJC_MSGSEND = YES;
				GCC_C_LANGUAGE_STANDARD = gnu11;
				GCC_NO_COMMON_BLOCKS = YES;
				GCC_WARN_64_TO_32_BIT_CONVERSION = YES;
				GCC_WARN_ABOUT_RETURN_TYPE = YES_ERROR;
				GCC_WARN_UNDECLARED_SELECTOR = YES;
				GCC_WARN_UNINITIALIZED_AUTOS = YES_AGGRESSIVE;
				GCC_WARN_UNUSED_FUNCTION = YES;
				GCC_WARN_UNUSED_VARIABLE = YES;
				IPHONEOS_DEPLOYMENT_TARGET = 15.2;
				MTL_ENABLE_DEBUG_INFO = NO;
				MTL_FAST_MATH = YES;
				SDKROOT = iphoneos;
				SWIFT_COMPILATION_MODE = wholemodule;
				SWIFT_OPTIMIZATION_LEVEL = "-O";
				VALIDATE_PRODUCT = YES;
			};
			name = Release;
		};
		CE9BF030282C3F4F00AD5ADC /* Debug */ = {
			isa = XCBuildConfiguration;
			buildSettings = {
				ASSETCATALOG_COMPILER_APPICON_NAME = AppIcon;
				ASSETCATALOG_COMPILER_GLOBAL_ACCENT_COLOR_NAME = AccentColor;
				CODE_SIGN_STYLE = Automatic;
				CURRENT_PROJECT_VERSION = 1;
				DEVELOPMENT_TEAM = 9A27Z44H5M;
				GENERATE_INFOPLIST_FILE = YES;
				INFOPLIST_FILE = Zoo/Info.plist;
				INFOPLIST_KEY_UIApplicationSupportsIndirectInputEvents = YES;
				INFOPLIST_KEY_UILaunchStoryboardName = LaunchScreen;
				INFOPLIST_KEY_UISupportedInterfaceOrientations_iPad = "UIInterfaceOrientationPortrait UIInterfaceOrientationPortraitUpsideDown UIInterfaceOrientationLandscapeLeft UIInterfaceOrientationLandscapeRight";
				INFOPLIST_KEY_UISupportedInterfaceOrientations_iPhone = "UIInterfaceOrientationPortrait UIInterfaceOrientationLandscapeLeft UIInterfaceOrientationLandscapeRight";
				IPHONEOS_DEPLOYMENT_TARGET = 13.0;
				LD_RUNPATH_SEARCH_PATHS = (
					"$(inherited)",
					"@executable_path/Frameworks",
				);
				MARKETING_VERSION = 1.0;
				PRODUCT_BUNDLE_IDENTIFIER = am.tigran.gishian.Zoo;
				PRODUCT_NAME = "$(TARGET_NAME)";
				SWIFT_EMIT_LOC_STRINGS = YES;
				SWIFT_VERSION = 5.0;
				TARGETED_DEVICE_FAMILY = "1,2";
			};
			name = Debug;
		};
		CE9BF031282C3F4F00AD5ADC /* Release */ = {
			isa = XCBuildConfiguration;
			buildSettings = {
				ASSETCATALOG_COMPILER_APPICON_NAME = AppIcon;
				ASSETCATALOG_COMPILER_GLOBAL_ACCENT_COLOR_NAME = AccentColor;
				CODE_SIGN_STYLE = Automatic;
				CURRENT_PROJECT_VERSION = 1;
				DEVELOPMENT_TEAM = 9A27Z44H5M;
				GENERATE_INFOPLIST_FILE = YES;
				INFOPLIST_FILE = Zoo/Info.plist;
				INFOPLIST_KEY_UIApplicationSupportsIndirectInputEvents = YES;
				INFOPLIST_KEY_UILaunchStoryboardName = LaunchScreen;
				INFOPLIST_KEY_UISupportedInterfaceOrientations_iPad = "UIInterfaceOrientationPortrait UIInterfaceOrientationPortraitUpsideDown UIInterfaceOrientationLandscapeLeft UIInterfaceOrientationLandscapeRight";
				INFOPLIST_KEY_UISupportedInterfaceOrientations_iPhone = "UIInterfaceOrientationPortrait UIInterfaceOrientationLandscapeLeft UIInterfaceOrientationLandscapeRight";
				IPHONEOS_DEPLOYMENT_TARGET = 13.0;
				LD_RUNPATH_SEARCH_PATHS = (
					"$(inherited)",
					"@executable_path/Frameworks",
				);
				MARKETING_VERSION = 1.0;
				PRODUCT_BUNDLE_IDENTIFIER = am.tigran.gishian.Zoo;
				PRODUCT_NAME = "$(TARGET_NAME)";
				SWIFT_EMIT_LOC_STRINGS = YES;
				SWIFT_VERSION = 5.0;
				TARGETED_DEVICE_FAMILY = "1,2";
			};
			name = Release;
		};
/* End XCBuildConfiguration section */

/* Begin XCConfigurationList section */
		CE9BF016282C3F4E00AD5ADC /* Build configuration list for PBXProject "Zoo" */ = {
			isa = XCConfigurationList;
			buildConfigurations = (
				CE9BF02D282C3F4F00AD5ADC /* Debug */,
				CE9BF02E282C3F4F00AD5ADC /* Release */,
			);
			defaultConfigurationIsVisible = 0;
			defaultConfigurationName = Release;
		};
		CE9BF02F282C3F4F00AD5ADC /* Build configuration list for PBXNativeTarget "Zoo" */ = {
			isa = XCConfigurationList;
			buildConfigurations = (
				CE9BF030282C3F4F00AD5ADC /* Debug */,
				CE9BF031282C3F4F00AD5ADC /* Release */,
			);
			defaultConfigurationIsVisible = 0;
			defaultConfigurationName = Release;
		};
/* End XCConfigurationList section */
	};
	rootObject = CE9BF013282C3F4E00AD5ADC /* Project object */;
}
